{
  "originHash" : "11b78eba97192d19796cff581fdf69b3e65b441188b1448a1b67e5d7b825a354",
  "pins" : [
    {
      "identity" : "alamofire",
      "kind" : "remoteSourceControl",
      "location" : "https://github.com/Alamofire/Alamofire",
      "state" : {
        "revision" : "bda9ed57d72988a3a2ada33d824583541f86eac6",
        "version" : "5.12.2"
      }
    }
  ],
  "version" : 3
}
