// !$*UTF8*$!
{
	archiveVersion = 1;
	classes = {
	};
	objectVersion = 110;
	objects = {

/* Begin PBXContainerItemProxy section */
		DB4D1602306EE07700F392D1 /* PBXContainerItemProxy */ = {
			isa = PBXContainerItemProxy;
			containerPortal = DB4D15EC306EE02F00F392D1 /* Project object */;
			proxyType = 1;
			remoteGlobalIDString = DB4D15F3306EE02F00F392D1;
			remoteInfo = SwiftRepos;
		};
		DB4D160C306EE07700F392D1 /* PBXContainerItemProxy */ = {
			isa = PBXContainerItemProxy;
			containerPortal = DB4D15EC306EE02F00F392D1 /* Project object */;
			proxyType = 1;
			remoteGlobalIDString = DB4D15F3306EE02F00F392D1;
			remoteInfo = SwiftRepos;
		};
/* End PBXContainerItemProxy section */

/* Begin PBXFileReference section */
		DB4D15F4306EE02F00F392D1 /* SwiftRepos.app */ = {isa = PBXFileReference; explicitFileType = wrapper.application; includeInIndex = 0; path = SwiftRepos.app; sourceTree = BUILT_PRODUCTS_DIR; };
		DB4D1601306EE07700F392D1 /* SwiftReposTests.xctest */ = {isa = PBXFileReference; explicitFileType = wrapper.cfbundle; includeInIndex = 0; path = SwiftReposTests.xctest; sourceTree = BUILT_PRODUCTS_DIR; };
		DB4D160B306EE07700F392D1 /* SwiftReposUITests.xctest */ = {isa = PBXFileReference; explicitFileType = wrapper.cfbundle; includeInIndex = 0; path = SwiftReposUITests.xctest; sourceTree = BUILT_PRODUCTS_DIR; };
/* End PBXFileReference section */

/* Begin PBXFileSystemSynchronizedRootGroup section */
		DB4D15F6306EE02F00F392D1 /* SwiftRepos */ = {
			isa = PBXFileSystemSynchronizedRootGroup;
			path = SwiftRepos;
			sourceTree = "<group>";
		};
		DB4D1604306EE07700F392D1 /* SwiftReposTests */ = {
			isa = PBXFileSystemSynchronizedRootGroup;
			path = SwiftReposTests;
			sourceTree = "<group>";
		};
		DB4D160E306EE07700F392D1 /* SwiftReposUITests */ = {
			isa = PBXFileSystemSynchronizedRootGroup;
			path = SwiftReposUITests;
			sourceTree = "<group>";
		};
/* End PBXFileSystemSynchronizedRootGroup section */

/* Begin PBXFrameworksBuildPhase section */
		DB4D15F1306EE02F00F392D1 /* Frameworks */ = {
			isa = PBXFrameworksBuildPhase;
			files = (
			);
		};
		DB4D15FE306EE07700F392D1 /* Frameworks */ = {
			isa = PBXFrameworksBuildPhase;
			files = (
			);
		};
		DB4D1608306EE07700F392D1 /* Frameworks */ = {
			isa = PBXFrameworksBuildPhase;
			files = (
			);
		};
/* End PBXFrameworksBuildPhase section */

/* Begin PBXGroup section */
		DB4D15EB306EE02F00F392D1 = {
			isa = PBXGroup;
			children = (
				DB4D15F6306EE02F00F392D1 /* SwiftRepos */,
				DB4D1604306EE07700F392D1 /* SwiftReposTests */,
				DB4D160E306EE07700F392D1 /* SwiftReposUITests */,
				DB4D15F5306EE02F00F392D1 /* Products */,
			);
			sourceTree = "<group>";
		};
		DB4D15F5306EE02F00F392D1 /* Products */ = {
			isa = PBXGroup;
			children = (
				DB4D15F4306EE02F00F392D1 /* SwiftRepos.app */,
				DB4D1601306EE07700F392D1 /* SwiftReposTests.xctest */,
				DB4D160B306EE07700F392D1 /* SwiftReposUITests.xctest */,
			);
			name = Products;
			sourceTree = "<group>";
		};
/* End PBXGroup section */

/* Begin PBXNativeTarget section */
		DB4D15F3306EE02F00F392D1 /* SwiftRepos */ = {
			isa = PBXNativeTarget;
			buildConfigurationList = DB4D1613306EE07700F392D1 /* Build configuration list for PBXNativeTarget "SwiftRepos" */;
			buildPhases = (
				DB4D15F0306EE02F00F392D1 /* Sources */,
				DB4D15F1306EE02F00F392D1 /* Frameworks */,
				DB4D15F2306EE02F00F392D1 /* Resources */,
			);
			buildRules = (
			);
			fileSystemSynchronizedGroups = (
				DB4D15F6306EE02F00F392D1 /* SwiftRepos */,
			);
			name = SwiftRepos;
			productName = SwiftRepos;
			productReference = DB4D15F4306EE02F00F392D1 /* SwiftRepos.app */;
			productType = "com.apple.product-type.application";
		};
		DB4D1600306EE07700F392D1 /* SwiftReposTests */ = {
			isa = PBXNativeTarget;
			buildConfigurationList = DB4D1616306EE07700F392D1 /* Build configuration list for PBXNativeTarget "SwiftReposTests" */;
			buildPhases = (
				DB4D15FD306EE07700F392D1 /* Sources */,
				DB4D15FE306EE07700F392D1 /* Frameworks */,
				DB4D15FF306EE07700F392D1 /* Resources */,
			);
			buildRules = (
			);
			dependencies = (
				DB4D1603306EE07700F392D1 /* PBXTargetDependency */,
			);
			fileSystemSynchronizedGroups = (
				DB4D1604306EE07700F392D1 /* SwiftReposTests */,
			);
			name = SwiftReposTests;
			productName = SwiftReposTests;
			productReference = DB4D1601306EE07700F392D1 /* SwiftReposTests.xctest */;
			productType = "com.apple.product-type.bundle.unit-test";
		};
		DB4D160A306EE07700F392D1 /* SwiftReposUITests */ = {
			isa = PBXNativeTarget;
			buildConfigurationList = DB4D1619306EE07700F392D1 /* Build configuration list for PBXNativeTarget "SwiftReposUITests" */;
			buildPhases = (
				DB4D1607306EE07700F392D1 /* Sources */,
				DB4D1608306EE07700F392D1 /* Frameworks */,
				DB4D1609306EE07700F392D1 /* Resources */,
			);
			buildRules = (
			);
			dependencies = (
				DB4D160D306EE07700F392D1 /* PBXTargetDependency */,
			);
			fileSystemSynchronizedGroups = (
				DB4D160E306EE07700F392D1 /* SwiftReposUITests */,
			);
			name = SwiftReposUITests;
			productName = SwiftReposUITests;
			productReference = DB4D160B306EE07700F392D1 /* SwiftReposUITests.xctest */;
			productType = "com.apple.product-type.bundle.ui-testing";
		};
/* End PBXNativeTarget section */

/* Begin PBXProject section */
		DB4D15EC306EE02F00F392D1 /* Project object */ = {
			isa = PBXProject;
			attributes = {
				BuildIndependentTargetsInParallel = 1;
				LastSwiftUpdateCheck = 2700;
				LastUpgradeCheck = 2700;
				TargetAttributes = {
					DB4D15F3306EE02F00F392D1 = {
						CreatedOnToolsVersion = 27.0;
					};
					DB4D1600306EE07700F392D1 = {
						CreatedOnToolsVersion = 27.0;
						TestTargetID = DB4D15F3306EE02F00F392D1;
					};
					DB4D160A306EE07700F392D1 = {
						CreatedOnToolsVersion = 27.0;
						TestTargetID = DB4D15F3306EE02F00F392D1;
					};
				};
			};
			buildConfigurationList = DB4D15EF306EE02F00F392D1 /* Build configuration list for PBXProject "SwiftRepos" */;
			developmentRegion = en;
			hasScannedForEncodings = 0;
			knownRegions = (
				en,
				Base,
			);
			mainGroup = DB4D15EB306EE02F00F392D1;
			minimizedProjectReferenceProxies = 1;
			preferredProjectObjectVersion = 77;
			productRefGroup = DB4D15F5306EE02F00F392D1 /* Products */;
			projectDirPath = "";
			projectRoot = "";
			targets = (
				DB4D15F3306EE02F00F392D1 /* SwiftRepos */,
				DB4D1600306EE07700F392D1 /* SwiftReposTests */,
				DB4D160A306EE07700F392D1 /* SwiftReposUITests */,
			);
		};
/* End PBXProject section */

/* Begin PBXResourcesBuildPhase section */
		DB4D15F2306EE02F00F392D1 /* Resources */ = {
			isa = PBXResourcesBuildPhase;
			files = (
			);
		};
		DB4D15FF306EE07700F392D1 /* Resources */ = {
			isa = PBXResourcesBuildPhase;
			files = (
			);
		};
		DB4D1609306EE07700F392D1 /* Resources */ = {
			isa = PBXResourcesBuildPhase;
			files = (
			);
		};
/* End PBXResourcesBuildPhase section */

/* Begin PBXSourcesBuildPhase section */
		DB4D15F0306EE02F00F392D1 /* Sources */ = {
			isa = PBXSourcesBuildPhase;
			files = (
			);
		};
		DB4D15FD306EE07700F392D1 /* Sources */ = {
			isa = PBXSourcesBuildPhase;
			files = (
			);
		};
		DB4D1607306EE07700F392D1 /* Sources */ = {
			isa = PBXSourcesBuildPhase;
			files = (
			);
		};
/* End PBXSourcesBuildPhase section */

/* Begin PBXTargetDependency section */
		DB4D1603306EE07700F392D1 /* PBXTargetDependency */ = {
			isa = PBXTargetDependency;
			target = DB4D15F3306EE02F00F392D1 /* SwiftRepos */;
			targetProxy = DB4D1602306EE07700F392D1 /* PBXContainerItemProxy */;
		};
		DB4D160D306EE07700F392D1 /* PBXTargetDependency */ = {
			isa = PBXTargetDependency;
			target = DB4D15F3306EE02F00F392D1 /* SwiftRepos */;
			targetProxy = DB4D160C306EE07700F392D1 /* PBXContainerItemProxy */;
		};
/* End PBXTargetDependency section */

/* Begin XCBuildConfiguration section */
		DB4D1611306EE07700F392D1 /* Debug configuration for PBXProject "SwiftRepos" */ = {
			isa = XCBuildConfiguration;
			buildSettings = {
				ALWAYS_SEARCH_USER_PATHS = NO;
				ASSETCATALOG_COMPILER_GENERATE_SWIFT_ASSET_SYMBOL_EXTENSIONS = YES;
				CLANG_ANALYZER_NONNULL = YES;
				CLANG_ANALYZER_NUMBER_OBJECT_CONVERSION = YES_AGGRESSIVE;
				CLANG_CXX_LANGUAGE_STANDARD = "gnu++20";
				CLANG_ENABLE_MODULES = YES;
				CLANG_ENABLE_OBJC_ARC = YES;
				CLANG_ENABLE_OBJC_WEAK = YES;
				CLANG_WARN_BLOCK_CAPTURE_AUTORELEASING = YES;
				CLANG_WARN_BOOL_CONVERSION = YES;
				CLANG_WARN_COMMA = YES;
				CLANG_WARN_CONSTANT_CONVERSION = YES;
				CLANG_WARN_DEPRECATED_OBJC_IMPLEMENTATIONS = YES;
				CLANG_WARN_DIRECT_OBJC_ISA_USAGE = YES_ERROR;
				CLANG_WARN_DOCUMENTATION_COMMENTS = YES;
				CLANG_WARN_EMPTY_BODY = YES;
				CLANG_WARN_ENUM_CONVERSION = YES;
				CLANG_WARN_INFINITE_RECURSION = YES;
				CLANG_WARN_INT_CONVERSION = YES;
				CLANG_WARN_NON_LITERAL_NULL_CONVERSION = YES;
				CLANG_WARN_OBJC_IMPLICIT_RETAIN_SELF = YES;
				CLANG_WARN_OBJC_LITERAL_CONVERSION = YES;
				CLANG_WARN_OBJC_ROOT_CLASS = YES_ERROR;
				CLANG_WARN_QUOTED_INCLUDE_IN_FRAMEWORK_HEADER = YES;
				CLANG_WARN_RANGE_LOOP_ANALYSIS = YES;
				CLANG_WARN_STRICT_PROTOTYPES = YES;
				CLANG_WARN_SUSPICIOUS_MOVE = YES;
				CLANG_WARN_UNGUARDED_AVAILABILITY = YES_AGGRESSIVE;
				CLANG_WARN_UNREACHABLE_CODE = YES;
				CLANG_WARN__DUPLICATE_METHOD_MATCH = YES;
				COPY_PHASE_STRIP = NO;
				DEBUG_INFORMATION_FORMAT = dwarf;
				ENABLE_STRICT_OBJC_MSGSEND = YES;
				ENABLE_TESTABILITY = YES;
				ENABLE_USER_SCRIPT_SANDBOXING = YES;
				GCC_C_LANGUAGE_STANDARD = gnu17;
				GCC_DYNAMIC_NO_PIC = NO;
				GCC_NO_COMMON_BLOCKS = YES;
				GCC_OPTIMIZATION_LEVEL = 0;
				GCC_PREPROCESSOR_DEFINITIONS = (
					"DEBUG=1",
					"$(inherited)",
				);
				GCC_WARN_64_TO_32_BIT_CONVERSION = YES;
				GCC_WARN_ABOUT_RETURN_TYPE = YES_ERROR;
				GCC_WARN_UNDECLARED_SELECTOR = YES;
				GCC_WARN_UNINITIALIZED_AUTOS = YES_AGGRESSIVE;
				GCC_WARN_UNUSED_FUNCTION = YES;
				GCC_WARN_UNUSED_VARIABLE = YES;
				IPHONEOS_DEPLOYMENT_TARGET = 27.0;
				LOCALIZATION_PREFERS_STRING_CATALOGS = YES;
				MTL_ENABLE_DEBUG_INFO = INCLUDE_SOURCE;
				MTL_FAST_MATH = YES;
				ONLY_ACTIVE_ARCH = YES;
				SDKROOT = iphoneos;
				SWIFT_ACTIVE_COMPILATION_CONDITIONS = "DEBUG $(inherited)";
				SWIFT_OPTIMIZATION_LEVEL = "-Onone";
			};
			name = Debug;
		};
		DB4D1612306EE07700F392D1 /* Release configuration for PBXProject "SwiftRepos" */ = {
			isa = XCBuildConfiguration;
			buildSettings = {
				ALWAYS_SEARCH_USER_PATHS = NO;
				ASSETCATALOG_COMPILER_GENERATE_SWIFT_ASSET_SYMBOL_EXTENSIONS = YES;
				CLANG_ANALYZER_NONNULL = YES;
				CLANG_ANALYZER_NUMBER_OBJECT_CONVERSION = YES_AGGRESSIVE;
				CLANG_CXX_LANGUAGE_STANDARD = "gnu++20";
				CLANG_ENABLE_MODULES = YES;
				CLANG_ENABLE_OBJC_ARC = YES;
				CLANG_ENABLE_OBJC_WEAK = YES;
				CLANG_WARN_BLOCK_CAPTURE_AUTORELEASING = YES;
				CLANG_WARN_BOOL_CONVERSION = YES;
				CLANG_WARN_COMMA = YES;
				CLANG_WARN_CONSTANT_CONVERSION = YES;
				CLANG_WARN_DEPRECATED_OBJC_IMPLEMENTATIONS = YES;
				CLANG_WARN_DIRECT_OBJC_ISA_USAGE = YES_ERROR;
				CLANG_WARN_DOCUMENTATION_COMMENTS = YES;
				CLANG_WARN_EMPTY_BODY = YES;
				CLANG_WARN_ENUM_CONVERSION = YES;
				CLANG_WARN_INFINITE_RECURSION = YES;
				CLANG_WARN_INT_CONVERSION = YES;
				CLANG_WARN_NON_LITERAL_NULL_CONVERSION = YES;
				CLANG_WARN_OBJC_IMPLICIT_RETAIN_SELF = YES;
				CLANG_WARN_OBJC_LITERAL_CONVERSION = YES;
				CLANG_WARN_OBJC_ROOT_CLASS = YES_ERROR;
				CLANG_WARN_QUOTED_INCLUDE_IN_FRAMEWORK_HEADER = YES;
				CLANG_WARN_RANGE_LOOP_ANALYSIS = YES;
				CLANG_WARN_STRICT_PROTOTYPES = YES;
				CLANG_WARN_SUSPICIOUS_MOVE = YES;
				CLANG_WARN_UNGUARDED_AVAILABILITY = YES_AGGRESSIVE;
				CLANG_WARN_UNREACHABLE_CODE = YES;
				CLANG_WARN__DUPLICATE_METHOD_MATCH = YES;
				COPY_PHASE_STRIP = NO;
				DEBUG_INFORMATION_FORMAT = "dwarf-with-dsym";
				ENABLE_NS_ASSERTIONS = NO;
				ENABLE_STRICT_OBJC_MSGSEND = YES;
				ENABLE_USER_SCRIPT_SANDBOXING = YES;
				GCC_C_LANGUAGE_STANDARD = gnu17;
				GCC_NO_COMMON_BLOCKS = YES;
				GCC_WARN_64_TO_32_BIT_CONVERSION = YES;
				GCC_WARN_ABOUT_RETURN_TYPE = YES_ERROR;
				GCC_WARN_UNDECLARED_SELECTOR = YES;
				GCC_WARN_UNINITIALIZED_AUTOS = YES_AGGRESSIVE;
				GCC_WARN_UNUSED_FUNCTION = YES;
				GCC_WARN_UNUSED_VARIABLE = YES;
				IPHONEOS_DEPLOYMENT_TARGET = 27.0;
				LOCALIZATION_PREFERS_STRING_CATALOGS = YES;
				MTL_ENABLE_DEBUG_INFO = NO;
				MTL_FAST_MATH = YES;
				SDKROOT = iphoneos;
				SWIFT_COMPILATION_MODE = wholemodule;
				VALIDATE_PRODUCT = YES;
			};
			name = Release;
		};
		DB4D1614306EE07700F392D1 /* Debug configuration for PBXNativeTarget "SwiftRepos" */ = {
			isa = XCBuildConfiguration;
			buildSettings = {
				ASSETCATALOG_COMPILER_APPICON_NAME = AppIcon;
				ASSETCATALOG_COMPILER_GLOBAL_ACCENT_COLOR_NAME = AccentColor;
				CODE_SIGN_STYLE = Automatic;
				CURRENT_PROJECT_VERSION = 1;
				ENABLE_PREVIEWS = YES;
				GENERATE_INFOPLIST_FILE = YES;
				INFOPLIST_KEY_UIApplicationSceneManifest_Generation = YES;
				INFOPLIST_KEY_UIApplicationSupportsIndirectInputEvents = YES;
				INFOPLIST_KEY_UILaunchScreen_Generation = YES;
				INFOPLIST_KEY_UISupportedInterfaceOrientations_iPad = "UIInterfaceOrientationPortrait UIInterfaceOrientationPortraitUpsideDown UIInterfaceOrientationLandscapeLeft UIInterfaceOrientationLandscapeRight";
				INFOPLIST_KEY_UISupportedInterfaceOrientations_iPhone = "UIInterfaceOrientationPortrait UIInterfaceOrientationLandscapeLeft UIInterfaceOrientationLandscapeRight";
				LD_RUNPATH_SEARCH_PATHS = (
					"$(inherited)",
					"@executable_path/Frameworks",
				);
				MARKETING_VERSION = 1.0;
				PRODUCT_BUNDLE_IDENTIFIER = zru.SwiftRepos;
				PRODUCT_NAME = "$(TARGET_NAME)";
				STRING_CATALOG_GENERATE_SYMBOLS = YES;
				SWIFT_APPROACHABLE_CONCURRENCY = YES;
				SWIFT_DEFAULT_ACTOR_ISOLATION = MainActor;
				SWIFT_EMIT_LOC_STRINGS = YES;
				SWIFT_UPCOMING_FEATURE_MEMBER_IMPORT_VISIBILITY = YES;
				SWIFT_VERSION = 5.0;
				TARGETED_DEVICE_FAMILY = "1,2";
			};
			name = Debug;
		};
		DB4D1615306EE07700F392D1 /* Release configuration for PBXNativeTarget "SwiftRepos" */ = {
			isa = XCBuildConfiguration;
			buildSettings = {
				ASSETCATALOG_COMPILER_APPICON_NAME = AppIcon;
				ASSETCATALOG_COMPILER_GLOBAL_ACCENT_COLOR_NAME = AccentColor;
				CODE_SIGN_STYLE = Automatic;
				CURRENT_PROJECT_VERSION = 1;
				ENABLE_PREVIEWS = YES;
				GENERATE_INFOPLIST_FILE = YES;
				INFOPLIST_KEY_UIApplicationSceneManifest_Generation = YES;
				INFOPLIST_KEY_UIApplicationSupportsIndirectInputEvents = YES;
				INFOPLIST_KEY_UILaunchScreen_Generation = YES;
				INFOPLIST_KEY_UISupportedInterfaceOrientations_iPad = "UIInterfaceOrientationPortrait UIInterfaceOrientationPortraitUpsideDown UIInterfaceOrientationLandscapeLeft UIInterfaceOrientationLandscapeRight";
				INFOPLIST_KEY_UISupportedInterfaceOrientations_iPhone = "UIInterfaceOrientationPortrait UIInterfaceOrientationLandscapeLeft UIInterfaceOrientationLandscapeRight";
				LD_RUNPATH_SEARCH_PATHS = (
					"$(inherited)",
					"@executable_path/Frameworks",
				);
				MARKETING_VERSION = 1.0;
				PRODUCT_BUNDLE_IDENTIFIER = zru.SwiftRepos;
				PRODUCT_NAME = "$(TARGET_NAME)";
				STRING_CATALOG_GENERATE_SYMBOLS = YES;
				SWIFT_APPROACHABLE_CONCURRENCY = YES;
				SWIFT_DEFAULT_ACTOR_ISOLATION = MainActor;
				SWIFT_EMIT_LOC_STRINGS = YES;
				SWIFT_UPCOMING_FEATURE_MEMBER_IMPORT_VISIBILITY = YES;
				SWIFT_VERSION = 5.0;
				TARGETED_DEVICE_FAMILY = "1,2";
			};
			name = Release;
		};
		DB4D1617306EE07700F392D1 /* Debug configuration for PBXNativeTarget "SwiftReposTests" */ = {
			isa = XCBuildConfiguration;
			buildSettings = {
				BUNDLE_LOADER = "$(TEST_HOST)";
				CODE_SIGN_STYLE = Automatic;
				CURRENT_PROJECT_VERSION = 1;
				GENERATE_INFOPLIST_FILE = YES;
				IPHONEOS_DEPLOYMENT_TARGET = 27.0;
				MARKETING_VERSION = 1.0;
				PRODUCT_BUNDLE_IDENTIFIER = zru.SwiftReposTests;
				PRODUCT_NAME = "$(TARGET_NAME)";
				STRING_CATALOG_GENERATE_SYMBOLS = NO;
				SWIFT_APPROACHABLE_CONCURRENCY = YES;
				SWIFT_EMIT_LOC_STRINGS = NO;
				SWIFT_UPCOMING_FEATURE_MEMBER_IMPORT_VISIBILITY = YES;
				SWIFT_VERSION = 5.0;
				TARGETED_DEVICE_FAMILY = "1,2";
				TEST_HOST = "$(BUILT_PRODUCTS_DIR)/SwiftRepos.app/$(BUNDLE_EXECUTABLE_FOLDER_PATH)/SwiftRepos";
			};
			name = Debug;
		};
		DB4D1618306EE07700F392D1 /* Release configuration for PBXNativeTarget "SwiftReposTests" */ = {
			isa = XCBuildConfiguration;
			buildSettings = {
				BUNDLE_LOADER = "$(TEST_HOST)";
				CODE_SIGN_STYLE = Automatic;
				CURRENT_PROJECT_VERSION = 1;
				GENERATE_INFOPLIST_FILE = YES;
				IPHONEOS_DEPLOYMENT_TARGET = 27.0;
				MARKETING_VERSION = 1.0;
				PRODUCT_BUNDLE_IDENTIFIER = zru.SwiftReposTests;
				PRODUCT_NAME = "$(TARGET_NAME)";
				STRING_CATALOG_GENERATE_SYMBOLS = NO;
				SWIFT_APPROACHABLE_CONCURRENCY = YES;
				SWIFT_EMIT_LOC_STRINGS = NO;
				SWIFT_UPCOMING_FEATURE_MEMBER_IMPORT_VISIBILITY = YES;
				SWIFT_VERSION = 5.0;
				TARGETED_DEVICE_FAMILY = "1,2";
				TEST_HOST = "$(BUILT_PRODUCTS_DIR)/SwiftRepos.app/$(BUNDLE_EXECUTABLE_FOLDER_PATH)/SwiftRepos";
			};
			name = Release;
		};
		DB4D161A306EE07700F392D1 /* Debug configuration for PBXNativeTarget "SwiftReposUITests" */ = {
			isa = XCBuildConfiguration;
			buildSettings = {
				CODE_SIGN_STYLE = Automatic;
				CURRENT_PROJECT_VERSION = 1;
				GENERATE_INFOPLIST_FILE = YES;
				MARKETING_VERSION = 1.0;
				PRODUCT_BUNDLE_IDENTIFIER = zru.SwiftReposUITests;
				PRODUCT_NAME = "$(TARGET_NAME)";
				STRING_CATALOG_GENERATE_SYMBOLS = NO;
				SWIFT_APPROACHABLE_CONCURRENCY = YES;
				SWIFT_EMIT_LOC_STRINGS = NO;
				SWIFT_UPCOMING_FEATURE_MEMBER_IMPORT_VISIBILITY = YES;
				SWIFT_VERSION = 5.0;
				TARGETED_DEVICE_FAMILY = "1,2";
				TEST_TARGET_NAME = SwiftRepos;
			};
			name = Debug;
		};
		DB4D161B306EE07700F392D1 /* Release configuration for PBXNativeTarget "SwiftReposUITests" */ = {
			isa = XCBuildConfiguration;
			buildSettings = {
				CODE_SIGN_STYLE = Automatic;
				CURRENT_PROJECT_VERSION = 1;
				GENERATE_INFOPLIST_FILE = YES;
				MARKETING_VERSION = 1.0;
				PRODUCT_BUNDLE_IDENTIFIER = zru.SwiftReposUITests;
				PRODUCT_NAME = "$(TARGET_NAME)";
				STRING_CATALOG_GENERATE_SYMBOLS = NO;
				SWIFT_APPROACHABLE_CONCURRENCY = YES;
				SWIFT_EMIT_LOC_STRINGS = NO;
				SWIFT_UPCOMING_FEATURE_MEMBER_IMPORT_VISIBILITY = YES;
				SWIFT_VERSION = 5.0;
				TARGETED_DEVICE_FAMILY = "1,2";
				TEST_TARGET_NAME = SwiftRepos;
			};
			name = Release;
		};
/* End XCBuildConfiguration section */

/* Begin XCConfigurationList section */
		DB4D15EF306EE02F00F392D1 /* Build configuration list for PBXProject "SwiftRepos" */ = {
			isa = XCConfigurationList;
			buildConfigurations = (
				DB4D1611306EE07700F392D1 /* Debug configuration for PBXProject "SwiftRepos" */,
				DB4D1612306EE07700F392D1 /* Release configuration for PBXProject "SwiftRepos" */,
			);
			defaultConfigurationName = Release;
		};
		DB4D1613306EE07700F392D1 /* Build configuration list for PBXNativeTarget "SwiftRepos" */ = {
			isa = XCConfigurationList;
			buildConfigurations = (
				DB4D1614306EE07700F392D1 /* Debug configuration for PBXNativeTarget "SwiftRepos" */,
				DB4D1615306EE07700F392D1 /* Release configuration for PBXNativeTarget "SwiftRepos" */,
			);
			defaultConfigurationName = Release;
		};
		DB4D1616306EE07700F392D1 /* Build configuration list for PBXNativeTarget "SwiftReposTests" */ = {
			isa = XCConfigurationList;
			buildConfigurations = (
				DB4D1617306EE07700F392D1 /* Debug configuration for PBXNativeTarget "SwiftReposTests" */,
				DB4D1618306EE07700F392D1 /* Release configuration for PBXNativeTarget "SwiftReposTests" */,
			);
			defaultConfigurationName = Release;
		};
		DB4D1619306EE07700F392D1 /* Build configuration list for PBXNativeTarget "SwiftReposUITests" */ = {
			isa = XCConfigurationList;
			buildConfigurations = (
				DB4D161A306EE07700F392D1 /* Debug configuration for PBXNativeTarget "SwiftReposUITests" */,
				DB4D161B306EE07700F392D1 /* Release configuration for PBXNativeTarget "SwiftReposUITests" */,
			);
			defaultConfigurationName = Release;
		};
/* End XCConfigurationList section */
	};
	rootObject = DB4D15EC306EE02F00F392D1 /* Project object */;
	validationLevel = 1;
}
